{
  "version": 4,
  "terraform_version": "1.4.6",
  "serial": 5,
  "lineage": "e4a21cfc-9f50-5979-9412-3e7719d2769f",
  "outputs": {},
  "resources": [
    {
      "mode": "managed",
      "type": "google_container_cluster",
      "name": "primary",
      "provider": "provider[\"registry.terraform.io/hashicorp/google\"]",
      "instances": [
        {
          "schema_version": 1,
          "attributes": {
            "addons_config": [
              {
                "cloudrun_config": [],
                "config_connector_config": [],
                "dns_cache_config": [],
                "gce_persistent_disk_csi_driver_config": [
                  {
                    "enabled": true
                  }
                ],
                "gcp_filestore_csi_driver_config": [],
                "gke_backup_agent_config": [],
                "horizontal_pod_autoscaling": [],
                "http_load_balancing": [],
                "network_policy_config": [
                  {
                    "disabled": true
                  }
                ]
              }
            ],
            "authenticator_groups_config": [],
            "binary_authorization": [
              {
                "enabled": false,
                "evaluation_mode": ""
              }
            ],
            "cluster_autoscaling": [
              {
                "auto_provisioning_defaults": [],
                "enabled": false,
                "resource_limits": []
              }
            ],
            "cluster_ipv4_cidr": "10.0.0.0/14",
            "confidential_nodes": [],
            "cost_management_config": [],
            "database_encryption": [
              {
                "key_name": "",
                "state": "DECRYPTED"
              }
            ],
            "datapath_provider": "",
            "default_max_pods_per_node": null,
            "default_snat_status": [
              {
                "disabled": false
              }
            ],
            "description": "",
            "dns_config": [],
            "enable_autopilot": false,
            "enable_binary_authorization": false,
            "enable_intranode_visibility": false,
            "enable_kubernetes_alpha": false,
            "enable_l4_ilb_subsetting": false,
            "enable_legacy_abac": false,
            "enable_shielded_nodes": true,
            "enable_tpu": false,
            "endpoint": "34.135.186.123",
            "gateway_api_config": [],
            "id": "projects/csci5409k8sassignment/locations/us-central1-b/clusters/sidk8scluster1",
            "initial_node_count": 1,
            "ip_allocation_policy": [],
            "label_fingerprint": "a9dc16a7",
            "location": "us-central1-b",
            "logging_config": [
              {
                "enable_components": [
                  "SYSTEM_COMPONENTS",
                  "WORKLOADS"
                ]
              }
            ],
            "logging_service": "logging.googleapis.com/kubernetes",
            "maintenance_policy": [],
            "master_auth": [
              {
                "client_certificate": "",
                "client_certificate_config": [
                  {
                    "issue_client_certificate": false
                  }
                ],
                "client_key": "",
                "cluster_ca_certificate": "LS0tLS1CRUdJTiBDRVJUSUZJQ0FURS0tLS0tCk1JSUVMRENDQXBTZ0F3SUJBZ0lRTFhiUEU1a2ZGMkdvMkRBaVI1MmlaVEFOQmdrcWhraUc5dzBCQVFzRkFEQXYKTVMwd0t3WURWUVFERXlReFlXVTNPV1UxTlMwd016UTNMVFE0WkRrdFlXRTNNUzFtT0dWaE5qZGtZVEJsT1RJdwpJQmNOTWpNd05qRTVNREF3TmpJNVdoZ1BNakExTXpBMk1URXdNVEEyTWpsYU1DOHhMVEFyQmdOVkJBTVRKREZoClpUYzVaVFUxTFRBek5EY3RORGhrT1MxaFlUY3hMV1k0WldFMk4yUmhNR1U1TWpDQ0FhSXdEUVlKS29aSWh2Y04KQVFFQkJRQURnZ0dQQURDQ0FZb0NnZ0dCQU1ZdGtmOTdzdkY3UGhEUUxldmRxTlo3SlZzMXd4TkdMaXczeEJiVQowblo0dHVXeGJ2S2FkUW9VZi9KS29jQnBCT0xreFR1MHVDZytlVlJrSEtVa0hyUWlVT0YwbVNOQVBGeWtvSmVFCkJEQy96QVZ6ZGdEUDY5U0lndFB0Wjk0bTFmZDVDZTUrUEVyUDZPMExkYW15Z1JQYTV5S2JGQWxCSStjK0tBMW4KT09lcmlkWktsbFdBWnVabzBRcnFoTnM0MnFWU3B2Skp1RERFVlRjUThGNjhnMHFud0wzcjlvZVFPVUQ1RmR2UApMb2JWbjFkTm5CRXM0ZlA0ZTc2QndMc1JLR0Q3U3BoQmZWcUtnTVR6OVZweTc0YlkyYUZnYXRRY1VRWkpMZElMClRTY2VFWGszblFnVnpVR0tvZjVqMUw2Z2Y5RU9KdEFJTWYyTVZ0bE9tWm1PRE5kcFlPZWZkQnFqRGsyRWtVNUYKbEdEbGp0QnNNdnRLa2kzRUZBN0h6T3hha0ZqdExGUUR6VlpZWW8zMU1GUHBjTGxHbWFrUnhqNkRLQkw5T1NHZwpYRlR0QzJzckNuMFJXeWN2OEhGVEx5WmtSeG4vNlFJd1ZZUFBmNERaSXpCTm5EdkJ1endVSjFSR09IdGZWWTNoCmZwdHQyQXpuOGNUc0pTYVRTdEk4K25WdXJ3SURBUUFCbzBJd1FEQU9CZ05WSFE4QkFmOEVCQU1DQWdRd0R3WUQKVlIwVEFRSC9CQVV3QXdFQi96QWRCZ05WSFE0RUZnUVU2RmJOZ29xWFh4OURKSzhkQWdWMnE2VVpxTDB3RFFZSgpLb1pJaHZjTkFRRUxCUUFEZ2dHQkFCWUdRdlhmWEcwZ0syMHoxaHVpbzJLSzR5L0VUZUhYMFdsNFpLNDhtaDk3Cmc2aUk2dDB3dEdySjdFUDErc2s5aW1LVWxmNks5ZFVZUG9BbmNWdG5rRGRxYVd6NE1XVWo3Qm93QkJRYWFKcjQKOHA0RXpSM2llMklsQUF2YjlqQ2lQZWc2S2NyUGhka2FKZ1VoTHBFTlQ4aitLM1p0Y3dTcytuWGVzQ25iNTdvSgpPWWowM1NHRERsWmhFcGMyVWdYbjNCcU9NRDc2bFYxUHpvTk5NUDQzYzNqS0F1QXFGaWpQaVVDM053NzMwZkRFCmxpcm4xMUdsWnFiNGJybXB2Q1hPMTBYVE5QWHY4bm9JSThSQlY3SThIcU5GL282SVF5QzIxQzhRaWdXay9XQ0EKZW9rREkwVlFqUTVUYWpFT0ZOZFd5UktMRUN0RU05U1VNSjZaMjlRM0h3UnZXMmxxUGEyWExpeExnYVNMVXl6TwpWTFJRYy9NU3pNOHliQ2xpeFNXRmxTUXlwNW5IcCtiQk5LRERnUWVXam56RjFvK1lZUGhXU3lHbVZYeUFlc3JHCmxNanBYUlNaVW5kNUJEbjJNei9xSFBIVWgwOWozc05jdTZKVTNPVktNc05FK3ZJYUg1dWd6dHpZZnRrdURoY2QKSGNvTHhOczl5SVlRZmxlZTEwQ0Z5QT09Ci0tLS0tRU5EIENFUlRJRklDQVRFLS0tLS0K"
              }
            ],
            "master_authorized_networks_config": [],
            "master_version": "1.25.8-gke.500",
            "mesh_certificates": [],
            "min_master_version": null,
            "monitoring_config": [
              {
                "enable_components": [
                  "SYSTEM_COMPONENTS"
                ],
                "managed_prometheus": []
              }
            ],
            "monitoring_service": "monitoring.googleapis.com/kubernetes",
            "name": "sidk8scluster1",
            "network": "projects/csci5409k8sassignment/global/networks/default",
            "network_policy": [
              {
                "enabled": false,
                "provider": "PROVIDER_UNSPECIFIED"
              }
            ],
            "networking_mode": "ROUTES",
            "node_config": [],
            "node_locations": [],
            "node_pool": [],
            "node_pool_defaults": [
              {
                "node_config_defaults": [
                  {
                    "logging_variant": "DEFAULT"
                  }
                ]
              }
            ],
            "node_version": "1.25.8-gke.500",
            "notification_config": [
              {
                "pubsub": [
                  {
                    "enabled": false,
                    "filter": [],
                    "topic": ""
                  }
                ]
              }
            ],
            "operation": null,
            "private_cluster_config": [
              {
                "enable_private_endpoint": false,
                "enable_private_nodes": false,
                "master_global_access_config": [
                  {
                    "enabled": false
                  }
                ],
                "master_ipv4_cidr_block": "",
                "peering_name": "",
                "private_endpoint": "10.128.0.16",
                "private_endpoint_subnetwork": "",
                "public_endpoint": "34.135.186.123"
              }
            ],
            "private_ipv6_google_access": "",
            "project": "csci5409k8sassignment",
            "release_channel": [
              {
                "channel": "REGULAR"
              }
            ],
            "remove_default_node_pool": true,
            "resource_labels": null,
            "resource_usage_export_config": [],
            "self_link": "https://container.googleapis.com/v1/projects/csci5409k8sassignment/zones/us-central1-b/clusters/sidk8scluster1",
            "service_external_ips_config": [
              {
                "enabled": false
              }
            ],
            "services_ipv4_cidr": "10.3.240.0/20",
            "subnetwork": "projects/csci5409k8sassignment/regions/us-central1/subnetworks/default",
            "timeouts": null,
            "tpu_ipv4_cidr_block": "",
            "vertical_pod_autoscaling": [],
            "workload_identity_config": []
          },
          "sensitive_attributes": [],
          "private": "eyJlMmJmYjczMC1lY2FhLTExZTYtOGY4OC0zNDM2M2JjN2M0YzAiOnsiY3JlYXRlIjoyNDAwMDAwMDAwMDAwLCJkZWxldGUiOjI0MDAwMDAwMDAwMDAsInJlYWQiOjI0MDAwMDAwMDAwMDAsInVwZGF0ZSI6MzYwMDAwMDAwMDAwMH0sInNjaGVtYV92ZXJzaW9uIjoiMSJ9"
        }
      ]
    },
    {
      "mode": "managed",
      "type": "google_container_node_pool",
      "name": "primary_nodes",
      "provider": "provider[\"registry.terraform.io/hashicorp/google\"]",
      "instances": [
        {
          "schema_version": 1,
          "attributes": {
            "autoscaling": [],
            "cluster": "sidk8scluster1",
            "id": "projects/csci5409k8sassignment/locations/us-central1-b/clusters/sidk8scluster1/nodePools/sidk8snode",
            "initial_node_count": 1,
            "instance_group_urls": [
              "https://www.googleapis.com/compute/v1/projects/csci5409k8sassignment/zones/us-central1-b/instanceGroupManagers/gke-sidk8scluster1-sidk8snode-142532ff-grp"
            ],
            "location": "us-central1-b",
            "managed_instance_group_urls": [
              "https://www.googleapis.com/compute/v1/projects/csci5409k8sassignment/zones/us-central1-b/instanceGroups/gke-sidk8scluster1-sidk8snode-142532ff-grp"
            ],
            "management": [
              {
                "auto_repair": true,
                "auto_upgrade": true
              }
            ],
            "max_pods_per_node": null,
            "name": "sidk8snode",
            "name_prefix": "",
            "network_config": [
              {
                "create_pod_range": false,
                "enable_private_nodes": false,
                "pod_cidr_overprovision_config": [],
                "pod_ipv4_cidr_block": "",
                "pod_range": ""
              }
            ],
            "node_config": [
              {
                "advanced_machine_features": [],
                "boot_disk_kms_key": "",
                "disk_size_gb": 10,
                "disk_type": "pd-standard",
                "ephemeral_storage_local_ssd_config": [],
                "gcfs_config": [],
                "guest_accelerator": [],
                "gvnic": [],
                "image_type": "COS_CONTAINERD",
                "kubelet_config": [],
                "labels": {},
                "linux_node_config": [],
                "local_nvme_ssd_block_config": [],
                "local_ssd_count": 0,
                "logging_variant": "DEFAULT",
                "machine_type": "e2-medium",
                "metadata": {
                  "disable-legacy-endpoints": "true"
                },
                "min_cpu_platform": "",
                "node_group": "",
                "oauth_scopes": [
                  "https://www.googleapis.com/auth/devstorage.read_only",
                  "https://www.googleapis.com/auth/logging.write",
                  "https://www.googleapis.com/auth/monitoring",
                  "https://www.googleapis.com/auth/service.management.readonly",
                  "https://www.googleapis.com/auth/servicecontrol",
                  "https://www.googleapis.com/auth/trace.append"
                ],
                "preemptible": false,
                "reservation_affinity": [],
                "resource_labels": null,
                "service_account": "default",
                "shielded_instance_config": [
                  {
                    "enable_integrity_monitoring": true,
                    "enable_secure_boot": false
                  }
                ],
                "spot": false,
                "tags": null,
                "taint": [],
                "workload_metadata_config": []
              }
            ],
            "node_count": 1,
            "node_locations": [
              "us-central1-b"
            ],
            "operation": null,
            "placement_policy": [],
            "project": "csci5409k8sassignment",
            "timeouts": null,
            "upgrade_settings": [
              {
                "blue_green_settings": [],
                "max_surge": 1,
                "max_unavailable": 0,
                "strategy": "SURGE"
              }
            ],
            "version": "1.25.8-gke.500"
          },
          "sensitive_attributes": [],
          "private": "eyJlMmJmYjczMC1lY2FhLTExZTYtOGY4OC0zNDM2M2JjN2M0YzAiOnsiY3JlYXRlIjoxODAwMDAwMDAwMDAwLCJkZWxldGUiOjE4MDAwMDAwMDAwMDAsInVwZGF0ZSI6MTgwMDAwMDAwMDAwMH0sInNjaGVtYV92ZXJzaW9uIjoiMSJ9",
          "dependencies": [
            "google_container_cluster.primary"
          ]
        }
      ]
    },
    {
      "mode": "managed",
      "type": "null_resource",
      "name": "apply",
      "provider": "provider[\"registry.terraform.io/hashicorp/null\"]",
      "instances": [
        {
          "schema_version": 0,
          "attributes": {
            "id": "2386580569629680648",
            "triggers": null
          },
          "sensitive_attributes": [],
          "dependencies": [
            "google_container_cluster.primary",
            "null_resource.config-update"
          ]
        }
      ]
    },
    {
      "mode": "managed",
      "type": "null_resource",
      "name": "config-update",
      "provider": "provider[\"registry.terraform.io/hashicorp/null\"]",
      "instances": [
        {
          "schema_version": 0,
          "attributes": {
            "id": "221514252529361812",
            "triggers": null
          },
          "sensitive_attributes": [],
          "dependencies": [
            "google_container_cluster.primary"
          ]
        }
      ]
    }
  ],
  "check_results": null
}
